
Microsoft Visual Studio Solution File, Format Version 12.00
# Visual Studio 15
VisualStudioVersion = 15.0.28307.271
MinimumVisualStudioVersion = 10.0.40219.1
Project("{FAE04EC0-301F-11D3-BF4B-00C04F79EFBC}") = "Server", "Server\Server.csproj", "{0B33CEEB-88E1-49A6-8D7D-AF6A5A357087}"
EndProject
Project("{FAE04EC0-301F-11D3-BF4B-00C04F79EFBC}") = "Scripts", "Scripts\Scripts.csproj", "{DAE872E6-6899-427C-A75D-AD52526EBCDA}"
EndProject
Global
	GlobalSection(SolutionConfigurationPlatforms) = preSolution
		Debug|Any CPU = Debug|Any CPU
		Release|Any CPU = Release|Any CPU
	EndGlobalSection
	GlobalSection(ProjectConfigurationPlatforms) = postSolution
		{0B33CEEB-88E1-49A6-8D7D-AF6A5A357087}.Debug|Any CPU.ActiveCfg = Debug|Any CPU
		{0B33CEEB-88E1-49A6-8D7D-AF6A5A357087}.Debug|Any CPU.Build.0 = Debug|Any CPU
		{0B33CEEB-88E1-49A6-8D7D-AF6A5A357087}.Release|Any CPU.ActiveCfg = Release|Any CPU
		{0B33CEEB-88E1-49A6-8D7D-AF6A5A357087}.Release|Any CPU.Build.0 = Release|Any CPU
		{DAE872E6-6899-427C-A75D-AD52526EBCDA}.Debug|Any CPU.ActiveCfg = Debug|Any CPU
		{DAE872E6-6899-427C-A75D-AD52526EBCDA}.Debug|Any CPU.Build.0 = Debug|Any CPU
		{DAE872E6-6899-427C-A75D-AD52526EBCDA}.Release|Any CPU.ActiveCfg = Release|Any CPU
		{DAE872E6-6899-427C-A75D-AD52526EBCDA}.Release|Any CPU.Build.0 = Release|Any CPU
	EndGlobalSection
	GlobalSection(SolutionProperties) = preSolution
		HideSolutionNode = FALSE
	EndGlobalSection
	GlobalSection(ExtensibilityGlobals) = postSolution
		SolutionGuid = {56130D20-9B5C-41C2-A020-A28160768675}
	EndGlobalSection
EndGlobal
